
Microsoft Visual Studio Solution File, Format Version 12.00
# Visual Studio Version 16
VisualStudioVersion = 16.0.33328.57
MinimumVisualStudioVersion = 10.0.40219.1
Project("{FAE04EC0-301F-11D3-BF4B-00C04F79EFBC}") = "OnlineBookShopTuto", "OnlineBookShopTuto.csproj", "{A36C8C77-25FC-4D8C-9481-2FB5BF0763AA}"
EndProject
Global
	GlobalSection(SolutionConfigurationPlatforms) = preSolution
		Debug|Any CPU = Debug|Any CPU
		Release|Any CPU = Release|Any CPU
	EndGlobalSection
	GlobalSection(ProjectConfigurationPlatforms) = postSolution
		{A36C8C77-25FC-4D8C-9481-2FB5BF0763AA}.Debug|Any CPU.ActiveCfg = Debug|Any CPU
		{A36C8C77-25FC-4D8C-9481-2FB5BF0763AA}.Debug|Any CPU.Build.0 = Debug|Any CPU
		{A36C8C77-25FC-4D8C-9481-2FB5BF0763AA}.Release|Any CPU.ActiveCfg = Release|Any CPU
		{A36C8C77-25FC-4D8C-9481-2FB5BF0763AA}.Release|Any CPU.Build.0 = Release|Any CPU
	EndGlobalSection
	GlobalSection(SolutionProperties) = preSolution
		HideSolutionNode = FALSE
	EndGlobalSection
	GlobalSection(ExtensibilityGlobals) = postSolution
		SolutionGuid = {7B76B71D-E5D3-4387-9524-35B379F79F90}
	EndGlobalSection
EndGlobal
